{
  "name": "sekaicutoffrate",
  "version": "1.0.0",
  "lockfileVersion": 2,
  "requires": true,
  "packages": {
    "": {
      "name": "sekaicutoffrate",
      "version": "1.0.0",
      "license": "ISC",
      "dependencies": {
        "regression": "^2.0.1"
      }
    },
    "node_modules/regression": {
      "version": "2.0.1",
      "resolved": "https://registry.npmjs.org/regression/-/regression-2.0.1.tgz",
      "integrity": "sha1-jSnD6CJKEIUMNeM36FqLL6w7DIc="
    }
  },
  "dependencies": {
    "regression": {
      "version": "2.0.1",
      "resolved": "https://registry.npmjs.org/regression/-/regression-2.0.1.tgz",
      "integrity": "sha1-jSnD6CJKEIUMNeM36FqLL6w7DIc="
    }
  }
}
